// !$*UTF8*$!
{
	archiveVersion = 1;
	classes = {
	};
	objectVersion = 48;
	objects = {

/* Begin PBXBuildFile section */
		32532E502136E1030070DD5E /* MYTestViewController.m in Sources */ = {isa = PBXBuildFile; fileRef = 32532E4F2136E1030070DD5E /* MYTestViewController.m */; };
		32532E5A2136E3D60070DD5E /* UIView+Addition.m in Sources */ = {isa = PBXBuildFile; fileRef = 32532E532136E3D60070DD5E /* UIView+Addition.m */; };
		32532E5B2136E3D60070DD5E /* MYBannerCycleView.bundle in Resources */ = {isa = PBXBuildFile; fileRef = 32532E542136E3D60070DD5E /* MYBannerCycleView.bundle */; };
		32532E5C2136E3D60070DD5E /* MYBannerCycleView.m in Sources */ = {isa = PBXBuildFile; fileRef = 32532E572136E3D60070DD5E /* MYBannerCycleView.m */; };
		32532E5D2136E3D60070DD5E /* MYPageControl.m in Sources */ = {isa = PBXBuildFile; fileRef = 32532E592136E3D60070DD5E /* MYPageControl.m */; };
		325BED2421329967002EB0D5 /* MYBannerCycleViewCell.m in Sources */ = {isa = PBXBuildFile; fileRef = 325BED2321329967002EB0D5 /* MYBannerCycleViewCell.m */; };
		814DFD2D213011A100A1FE3B /* AppDelegate.m in Sources */ = {isa = PBXBuildFile; fileRef = 814DFD2C213011A100A1FE3B /* AppDelegate.m */; };
		814DFD30213011A100A1FE3B /* ViewController.m in Sources */ = {isa = PBXBuildFile; fileRef = 814DFD2F213011A100A1FE3B /* ViewController.m */; };
		814DFD33213011A100A1FE3B /* Main.storyboard in Resources */ = {isa = PBXBuildFile; fileRef = 814DFD31213011A100A1FE3B /* Main.storyboard */; };
		814DFD35213011A400A1FE3B /* Assets.xcassets in Resources */ = {isa = PBXBuildFile; fileRef = 814DFD34213011A400A1FE3B /* Assets.xcassets */; };
		814DFD38213011A400A1FE3B /* LaunchScreen.storyboard in Resources */ = {isa = PBXBuildFile; fileRef = 814DFD36213011A400A1FE3B /* LaunchScreen.storyboard */; };
		814DFD3B213011A400A1FE3B /* main.m in Sources */ = {isa = PBXBuildFile; fileRef = 814DFD3A213011A400A1FE3B /* main.m */; };
		814DFD45213011A400A1FE3B /* MYBannerCycleViewDemoTests.m in Sources */ = {isa = PBXBuildFile; fileRef = 814DFD44213011A400A1FE3B /* MYBannerCycleViewDemoTests.m */; };
		814DFD50213011A400A1FE3B /* MYBannerCycleViewDemoUITests.m in Sources */ = {isa = PBXBuildFile; fileRef = 814DFD4F213011A400A1FE3B /* MYBannerCycleViewDemoUITests.m */; };
		81F78301213529AC00662483 /* MYBannerFooterView.m in Sources */ = {isa = PBXBuildFile; fileRef = 81F78300213529AC00662483 /* MYBannerFooterView.m */; };
		C5EABEC3D2A661BCA187D7AC /* libPods-MYBannerCycleViewDemo.a in Frameworks */ = {isa = PBXBuildFile; fileRef = 2AFEE2944E05C48FB4FB1B58 /* libPods-MYBannerCycleViewDemo.a */; };
/* End PBXBuildFile section */

/* Begin PBXContainerItemProxy section */
		814DFD41213011A400A1FE3B /* PBXContainerItemProxy */ = {
			isa = PBXContainerItemProxy;
			containerPortal = 814DFD20213011A100A1FE3B /* Project object */;
			proxyType = 1;
			remoteGlobalIDString = 814DFD27213011A100A1FE3B;
			remoteInfo = MYBannerCycleViewDemo;
		};
		814DFD4C213011A400A1FE3B /* PBXContainerItemProxy */ = {
			isa = PBXContainerItemProxy;
			containerPortal = 814DFD20213011A100A1FE3B /* Project object */;
			proxyType = 1;
			remoteGlobalIDString = 814DFD27213011A100A1FE3B;
			remoteInfo = MYBannerCycleViewDemo;
		};
/* End PBXContainerItemProxy section */

/* Begin PBXFileReference section */
		2AFEE2944E05C48FB4FB1B58 /* libPods-MYBannerCycleViewDemo.a */ = {isa = PBXFileReference; explicitFileType = archive.ar; includeInIndex = 0; path = "libPods-MYBannerCycleViewDemo.a"; sourceTree = BUILT_PRODUCTS_DIR; };
		32532E4E2136E1030070DD5E /* MYTestViewController.h */ = {isa = PBXFileReference; lastKnownFileType = sourcecode.c.h; path = MYTestViewController.h; sourceTree = "<group>"; };
		32532E4F2136E1030070DD5E /* MYTestViewController.m */ = {isa = PBXFileReference; lastKnownFileType = sourcecode.c.objc; path = MYTestViewController.m; sourceTree = "<group>"; };
		32532E522136E3D60070DD5E /* MYBannerCycleViewHeader.h */ = {isa = PBXFileReference; fileEncoding = 4; lastKnownFileType = sourcecode.c.h; path = MYBannerCycleViewHeader.h; sourceTree = "<group>"; };
		32532E532136E3D60070DD5E /* UIView+Addition.m */ = {isa = PBXFileReference; fileEncoding = 4; lastKnownFileType = sourcecode.c.objc; path = "UIView+Addition.m"; sourceTree = "<group>"; };
		32532E542136E3D60070DD5E /* MYBannerCycleView.bundle */ = {isa = PBXFileReference; lastKnownFileType = "wrapper.plug-in"; path = MYBannerCycleView.bundle; sourceTree = "<group>"; };
		32532E552136E3D60070DD5E /* MYBannerCycleView.h */ = {isa = PBXFileReference; fileEncoding = 4; lastKnownFileType = sourcecode.c.h; path = MYBannerCycleView.h; sourceTree = "<group>"; };
		32532E562136E3D60070DD5E /* MYPageControl.h */ = {isa = PBXFileReference; fileEncoding = 4; lastKnownFileType = sourcecode.c.h; path = MYPageControl.h; sourceTree = "<group>"; };
		32532E572136E3D60070DD5E /* MYBannerCycleView.m */ = {isa = PBXFileReference; fileEncoding = 4; lastKnownFileType = sourcecode.c.objc; path = MYBannerCycleView.m; sourceTree = "<group>"; };
		32532E582136E3D60070DD5E /* UIView+Addition.h */ = {isa = PBXFileReference; fileEncoding = 4; lastKnownFileType = sourcecode.c.h; path = "UIView+Addition.h"; sourceTree = "<group>"; };
		32532E592136E3D60070DD5E /* MYPageControl.m */ = {isa = PBXFileReference; fileEncoding = 4; lastKnownFileType = sourcecode.c.objc; path = MYPageControl.m; sourceTree = "<group>"; };
		325BED2221329967002EB0D5 /* MYBannerCycleViewCell.h */ = {isa = PBXFileReference; lastKnownFileType = sourcecode.c.h; path = MYBannerCycleViewCell.h; sourceTree = "<group>"; };
		325BED2321329967002EB0D5 /* MYBannerCycleViewCell.m */ = {isa = PBXFileReference; lastKnownFileType = sourcecode.c.objc; path = MYBannerCycleViewCell.m; sourceTree = "<group>"; };
		5DFBB25A376FD41052A6B43E /* Pods-MYBannerCycleViewDemo.debug.xcconfig */ = {isa = PBXFileReference; includeInIndex = 1; lastKnownFileType = text.xcconfig; name = "Pods-MYBannerCycleViewDemo.debug.xcconfig"; path = "Pods/Target Support Files/Pods-MYBannerCycleViewDemo/Pods-MYBannerCycleViewDemo.debug.xcconfig"; sourceTree = "<group>"; };
		814DFD28213011A100A1FE3B /* MYBannerCycleViewDemo.app */ = {isa = PBXFileReference; explicitFileType = wrapper.application; includeInIndex = 0; path = MYBannerCycleViewDemo.app; sourceTree = BUILT_PRODUCTS_DIR; };
		814DFD2B213011A100A1FE3B /* AppDelegate.h */ = {isa = PBXFileReference; lastKnownFileType = sourcecode.c.h; path = AppDelegate.h; sourceTree = "<group>"; };
		814DFD2C213011A100A1FE3B /* AppDelegate.m */ = {isa = PBXFileReference; lastKnownFileType = sourcecode.c.objc; path = AppDelegate.m; sourceTree = "<group>"; };
		814DFD2E213011A100A1FE3B /* ViewController.h */ = {isa = PBXFileReference; lastKnownFileType = sourcecode.c.h; path = ViewController.h; sourceTree = "<group>"; };
		814DFD2F213011A100A1FE3B /* ViewController.m */ = {isa = PBXFileReference; lastKnownFileType = sourcecode.c.objc; path = ViewController.m; sourceTree = "<group>"; };
		814DFD32213011A100A1FE3B /* Base */ = {isa = PBXFileReference; lastKnownFileType = file.storyboard; name = Base; path = Base.lproj/Main.storyboard; sourceTree = "<group>"; };
		814DFD34213011A400A1FE3B /* Assets.xcassets */ = {isa = PBXFileReference; lastKnownFileType = folder.assetcatalog; path = Assets.xcassets; sourceTree = "<group>"; };
		814DFD37213011A400A1FE3B /* Base */ = {isa = PBXFileReference; lastKnownFileType = file.storyboard; name = Base; path = Base.lproj/LaunchScreen.storyboard; sourceTree = "<group>"; };
		814DFD39213011A400A1FE3B /* Info.plist */ = {isa = PBXFileReference; lastKnownFileType = text.plist.xml; path = Info.plist; sourceTree = "<group>"; };
		814DFD3A213011A400A1FE3B /* main.m */ = {isa = PBXFileReference; lastKnownFileType = sourcecode.c.objc; path = main.m; sourceTree = "<group>"; };
		814DFD40213011A400A1FE3B /* MYBannerCycleViewDemoTests.xctest */ = {isa = PBXFileReference; explicitFileType = wrapper.cfbundle; includeInIndex = 0; path = MYBannerCycleViewDemoTests.xctest; sourceTree = BUILT_PRODUCTS_DIR; };
		814DFD44213011A400A1FE3B /* MYBannerCycleViewDemoTests.m */ = {isa = PBXFileReference; lastKnownFileType = sourcecode.c.objc; path = MYBannerCycleViewDemoTests.m; sourceTree = "<group>"; };
		814DFD46213011A400A1FE3B /* Info.plist */ = {isa = PBXFileReference; lastKnownFileType = text.plist.xml; path = Info.plist; sourceTree = "<group>"; };
		814DFD4B213011A400A1FE3B /* MYBannerCycleViewDemoUITests.xctest */ = {isa = PBXFileReference; explicitFileType = wrapper.cfbundle; includeInIndex = 0; path = MYBannerCycleViewDemoUITests.xctest; sourceTree = BUILT_PRODUCTS_DIR; };
		814DFD4F213011A400A1FE3B /* MYBannerCycleViewDemoUITests.m */ = {isa = PBXFileReference; lastKnownFileType = sourcecode.c.objc; path = MYBannerCycleViewDemoUITests.m; sourceTree = "<group>"; };
		814DFD51213011A400A1FE3B /* Info.plist */ = {isa = PBXFileReference; lastKnownFileType = text.plist.xml; path = Info.plist; sourceTree = "<group>"; };
		81F782FF213529AC00662483 /* MYBannerFooterView.h */ = {isa = PBXFileReference; lastKnownFileType = sourcecode.c.h; path = MYBannerFooterView.h; sourceTree = "<group>"; };
		81F78300213529AC00662483 /* MYBannerFooterView.m */ = {isa = PBXFileReference; lastKnownFileType = sourcecode.c.objc; path = MYBannerFooterView.m; sourceTree = "<group>"; };
		9F7A470CACA83503CF06795D /* Pods-MYBannerCycleViewDemo.release.xcconfig */ = {isa = PBXFileReference; includeInIndex = 1; lastKnownFileType = text.xcconfig; name = "Pods-MYBannerCycleViewDemo.release.xcconfig"; path = "Pods/Target Support Files/Pods-MYBannerCycleViewDemo/Pods-MYBannerCycleViewDemo.release.xcconfig"; sourceTree = "<group>"; };
/* End PBXFileReference section */

/* Begin PBXFrameworksBuildPhase section */
		814DFD25213011A100A1FE3B /* Frameworks */ = {
			isa = PBXFrameworksBuildPhase;
			buildActionMask = 2147483647;
			files = (
				C5EABEC3D2A661BCA187D7AC /* libPods-MYBannerCycleViewDemo.a in Frameworks */,
			);
			runOnlyForDeploymentPostprocessing = 0;
		};
		814DFD3D213011A400A1FE3B /* Frameworks */ = {
			isa = PBXFrameworksBuildPhase;
			buildActionMask = 2147483647;
			files = (
			);
			runOnlyForDeploymentPostprocessing = 0;
		};
		814DFD48213011A400A1FE3B /* Frameworks */ = {
			isa = PBXFrameworksBuildPhase;
			buildActionMask = 2147483647;
			files = (
			);
			runOnlyForDeploymentPostprocessing = 0;
		};
/* End PBXFrameworksBuildPhase section */

/* Begin PBXGroup section */
		32532E512136E3D60070DD5E /* MYBannerCycleView */ = {
			isa = PBXGroup;
			children = (
				32532E522136E3D60070DD5E /* MYBannerCycleViewHeader.h */,
				32532E532136E3D60070DD5E /* UIView+Addition.m */,
				32532E542136E3D60070DD5E /* MYBannerCycleView.bundle */,
				32532E552136E3D60070DD5E /* MYBannerCycleView.h */,
				32532E562136E3D60070DD5E /* MYPageControl.h */,
				32532E572136E3D60070DD5E /* MYBannerCycleView.m */,
				32532E582136E3D60070DD5E /* UIView+Addition.h */,
				32532E592136E3D60070DD5E /* MYPageControl.m */,
			);
			path = MYBannerCycleView;
			sourceTree = "<group>";
		};
		6588A0717E15144DE92D899A /* Pods */ = {
			isa = PBXGroup;
			children = (
				5DFBB25A376FD41052A6B43E /* Pods-MYBannerCycleViewDemo.debug.xcconfig */,
				9F7A470CACA83503CF06795D /* Pods-MYBannerCycleViewDemo.release.xcconfig */,
			);
			name = Pods;
			sourceTree = "<group>";
		};
		814DFD1F213011A100A1FE3B = {
			isa = PBXGroup;
			children = (
				32532E512136E3D60070DD5E /* MYBannerCycleView */,
				814DFD2A213011A100A1FE3B /* MYBannerCycleViewDemo */,
				814DFD43213011A400A1FE3B /* MYBannerCycleViewDemoTests */,
				814DFD4E213011A400A1FE3B /* MYBannerCycleViewDemoUITests */,
				814DFD29213011A100A1FE3B /* Products */,
				6588A0717E15144DE92D899A /* Pods */,
				85689EA9F0478EE95D3CFE03 /* Frameworks */,
			);
			sourceTree = "<group>";
		};
		814DFD29213011A100A1FE3B /* Products */ = {
			isa = PBXGroup;
			children = (
				814DFD28213011A100A1FE3B /* MYBannerCycleViewDemo.app */,
				814DFD40213011A400A1FE3B /* MYBannerCycleViewDemoTests.xctest */,
				814DFD4B213011A400A1FE3B /* MYBannerCycleViewDemoUITests.xctest */,
			);
			name = Products;
			sourceTree = "<group>";
		};
		814DFD2A213011A100A1FE3B /* MYBannerCycleViewDemo */ = {
			isa = PBXGroup;
			children = (
				814DFD2B213011A100A1FE3B /* AppDelegate.h */,
				814DFD2C213011A100A1FE3B /* AppDelegate.m */,
				814DFD2E213011A100A1FE3B /* ViewController.h */,
				814DFD2F213011A100A1FE3B /* ViewController.m */,
				325BED2221329967002EB0D5 /* MYBannerCycleViewCell.h */,
				325BED2321329967002EB0D5 /* MYBannerCycleViewCell.m */,
				81F782FF213529AC00662483 /* MYBannerFooterView.h */,
				81F78300213529AC00662483 /* MYBannerFooterView.m */,
				32532E4E2136E1030070DD5E /* MYTestViewController.h */,
				32532E4F2136E1030070DD5E /* MYTestViewController.m */,
				814DFD31213011A100A1FE3B /* Main.storyboard */,
				814DFD34213011A400A1FE3B /* Assets.xcassets */,
				814DFD36213011A400A1FE3B /* LaunchScreen.storyboard */,
				814DFD39213011A400A1FE3B /* Info.plist */,
				814DFD3A213011A400A1FE3B /* main.m */,
			);
			path = MYBannerCycleViewDemo;
			sourceTree = "<group>";
		};
		814DFD43213011A400A1FE3B /* MYBannerCycleViewDemoTests */ = {
			isa = PBXGroup;
			children = (
				814DFD44213011A400A1FE3B /* MYBannerCycleViewDemoTests.m */,
				814DFD46213011A400A1FE3B /* Info.plist */,
			);
			path = MYBannerCycleViewDemoTests;
			sourceTree = "<group>";
		};
		814DFD4E213011A400A1FE3B /* MYBannerCycleViewDemoUITests */ = {
			isa = PBXGroup;
			children = (
				814DFD4F213011A400A1FE3B /* MYBannerCycleViewDemoUITests.m */,
				814DFD51213011A400A1FE3B /* Info.plist */,
			);
			path = MYBannerCycleViewDemoUITests;
			sourceTree = "<group>";
		};
		85689EA9F0478EE95D3CFE03 /* Frameworks */ = {
			isa = PBXGroup;
			children = (
				2AFEE2944E05C48FB4FB1B58 /* libPods-MYBannerCycleViewDemo.a */,
			);
			name = Frameworks;
			sourceTree = "<group>";
		};
/* End PBXGroup section */

/* Begin PBXNativeTarget section */
		814DFD27213011A100A1FE3B /* MYBannerCycleViewDemo */ = {
			isa = PBXNativeTarget;
			buildConfigurationList = 814DFD54213011A400A1FE3B /* Build configuration list for PBXNativeTarget "MYBannerCycleViewDemo" */;
			buildPhases = (
				09DC437841757EC74C420F60 /* [CP] Check Pods Manifest.lock */,
				814DFD24213011A100A1FE3B /* Sources */,
				814DFD25213011A100A1FE3B /* Frameworks */,
				814DFD26213011A100A1FE3B /* Resources */,
			);
			buildRules = (
			);
			dependencies = (
			);
			name = MYBannerCycleViewDemo;
			productName = MYBannerCycleViewDemo;
			productReference = 814DFD28213011A100A1FE3B /* MYBannerCycleViewDemo.app */;
			productType = "com.apple.product-type.application";
		};
		814DFD3F213011A400A1FE3B /* MYBannerCycleViewDemoTests */ = {
			isa = PBXNativeTarget;
			buildConfigurationList = 814DFD57213011A400A1FE3B /* Build configuration list for PBXNativeTarget "MYBannerCycleViewDemoTests" */;
			buildPhases = (
				814DFD3C213011A400A1FE3B /* Sources */,
				814DFD3D213011A400A1FE3B /* Frameworks */,
				814DFD3E213011A400A1FE3B /* Resources */,
			);
			buildRules = (
			);
			dependencies = (
				814DFD42213011A400A1FE3B /* PBXTargetDependency */,
			);
			name = MYBannerCycleViewDemoTests;
			productName = MYBannerCycleViewDemoTests;
			productReference = 814DFD40213011A400A1FE3B /* MYBannerCycleViewDemoTests.xctest */;
			productType = "com.apple.product-type.bundle.unit-test";
		};
		814DFD4A213011A400A1FE3B /* MYBannerCycleViewDemoUITests */ = {
			isa = PBXNativeTarget;
			buildConfigurationList = 814DFD5A213011A400A1FE3B /* Build configuration list for PBXNativeTarget "MYBannerCycleViewDemoUITests" */;
			buildPhases = (
				814DFD47213011A400A1FE3B /* Sources */,
				814DFD48213011A400A1FE3B /* Frameworks */,
				814DFD49213011A400A1FE3B /* Resources */,
			);
			buildRules = (
			);
			dependencies = (
				814DFD4D213011A400A1FE3B /* PBXTargetDependency */,
			);
			name = MYBannerCycleViewDemoUITests;
			productName = MYBannerCycleViewDemoUITests;
			productReference = 814DFD4B213011A400A1FE3B /* MYBannerCycleViewDemoUITests.xctest */;
			productType = "com.apple.product-type.bundle.ui-testing";
		};
/* End PBXNativeTarget section */

/* Begin PBXProject section */
		814DFD20213011A100A1FE3B /* Project object */ = {
			isa = PBXProject;
			attributes = {
				LastUpgradeCheck = 0940;
				ORGANIZATIONNAME = QMMac;
				TargetAttributes = {
					814DFD27213011A100A1FE3B = {
						CreatedOnToolsVersion = 9.4.1;
						ProvisioningStyle = Automatic;
					};
					814DFD3F213011A400A1FE3B = {
						CreatedOnToolsVersion = 9.4.1;
						ProvisioningStyle = Automatic;
						TestTargetID = 814DFD27213011A100A1FE3B;
					};
					814DFD4A213011A400A1FE3B = {
						CreatedOnToolsVersion = 9.4.1;
						ProvisioningStyle = Automatic;
						TestTargetID = 814DFD27213011A100A1FE3B;
					};
				};
			};
			buildConfigurationList = 814DFD23213011A100A1FE3B /* Build configuration list for PBXProject "MYBannerCycleViewDemo" */;
			compatibilityVersion = "Xcode 8.0";
			developmentRegion = en;
			hasScannedForEncodings = 0;
			knownRegions = (
				en,
				Base,
			);
			mainGroup = 814DFD1F213011A100A1FE3B;
			productRefGroup = 814DFD29213011A100A1FE3B /* Products */;
			projectDirPath = "";
			projectRoot = "";
			targets = (
				814DFD27213011A100A1FE3B /* MYBannerCycleViewDemo */,
				814DFD3F213011A400A1FE3B /* MYBannerCycleViewDemoTests */,
				814DFD4A213011A400A1FE3B /* MYBannerCycleViewDemoUITests */,
			);
		};
/* End PBXProject section */

/* Begin PBXResourcesBuildPhase section */
		814DFD26213011A100A1FE3B /* Resources */ = {
			isa = PBXResourcesBuildPhase;
			buildActionMask = 2147483647;
			files = (
				814DFD38213011A400A1FE3B /* LaunchScreen.storyboard in Resources */,
				814DFD35213011A400A1FE3B /* Assets.xcassets in Resources */,
				814DFD33213011A100A1FE3B /* Main.storyboard in Resources */,
				32532E5B2136E3D60070DD5E /* MYBannerCycleView.bundle in Resources */,
			);
			runOnlyForDeploymentPostprocessing = 0;
		};
		814DFD3E213011A400A1FE3B /* Resources */ = {
			isa = PBXResourcesBuildPhase;
			buildActionMask = 2147483647;
			files = (
			);
			runOnlyForDeploymentPostprocessing = 0;
		};
		814DFD49213011A400A1FE3B /* Resources */ = {
			isa = PBXResourcesBuildPhase;
			buildActionMask = 2147483647;
			files = (
			);
			runOnlyForDeploymentPostprocessing = 0;
		};
/* End PBXResourcesBuildPhase section */

/* Begin PBXShellScriptBuildPhase section */
		09DC437841757EC74C420F60 /* [CP] Check Pods Manifest.lock */ = {
			isa = PBXShellScriptBuildPhase;
			buildActionMask = 2147483647;
			files = (
			);
			inputPaths = (
				"${PODS_PODFILE_DIR_PATH}/Podfile.lock",
				"${PODS_ROOT}/Manifest.lock",
			);
			name = "[CP] Check Pods Manifest.lock";
			outputPaths = (
				"$(DERIVED_FILE_DIR)/Pods-MYBannerCycleViewDemo-checkManifestLockResult.txt",
			);
			runOnlyForDeploymentPostprocessing = 0;
			shellPath = /bin/sh;
			shellScript = "diff \"${PODS_PODFILE_DIR_PATH}/Podfile.lock\" \"${PODS_ROOT}/Manifest.lock\" > /dev/null\nif [ $? != 0 ] ; then\n    # print error to STDERR\n    echo \"error: The sandbox is not in sync with the Podfile.lock. Run 'pod install' or update your CocoaPods installation.\" >&2\n    exit 1\nfi\n# This output is used by Xcode 'outputs' to avoid re-running this script phase.\necho \"SUCCESS\" > \"${SCRIPT_OUTPUT_FILE_0}\"\n";
			showEnvVarsInLog = 0;
		};
/* End PBXShellScriptBuildPhase section */

/* Begin PBXSourcesBuildPhase section */
		814DFD24213011A100A1FE3B /* Sources */ = {
			isa = PBXSourcesBuildPhase;
			buildActionMask = 2147483647;
			files = (
				325BED2421329967002EB0D5 /* MYBannerCycleViewCell.m in Sources */,
				32532E5A2136E3D60070DD5E /* UIView+Addition.m in Sources */,
				814DFD30213011A100A1FE3B /* ViewController.m in Sources */,
				32532E502136E1030070DD5E /* MYTestViewController.m in Sources */,
				814DFD3B213011A400A1FE3B /* main.m in Sources */,
				32532E5C2136E3D60070DD5E /* MYBannerCycleView.m in Sources */,
				32532E5D2136E3D60070DD5E /* MYPageControl.m in Sources */,
				814DFD2D213011A100A1FE3B /* AppDelegate.m in Sources */,
				81F78301213529AC00662483 /* MYBannerFooterView.m in Sources */,
			);
			runOnlyForDeploymentPostprocessing = 0;
		};
		814DFD3C213011A400A1FE3B /* Sources */ = {
			isa = PBXSourcesBuildPhase;
			buildActionMask = 2147483647;
			files = (
				814DFD45213011A400A1FE3B /* MYBannerCycleViewDemoTests.m in Sources */,
			);
			runOnlyForDeploymentPostprocessing = 0;
		};
		814DFD47213011A400A1FE3B /* Sources */ = {
			isa = PBXSourcesBuildPhase;
			buildActionMask = 2147483647;
			files = (
				814DFD50213011A400A1FE3B /* MYBannerCycleViewDemoUITests.m in Sources */,
			);
			runOnlyForDeploymentPostprocessing = 0;
		};
/* End PBXSourcesBuildPhase section */

/* Begin PBXTargetDependency section */
		814DFD42213011A400A1FE3B /* PBXTargetDependency */ = {
			isa = PBXTargetDependency;
			target = 814DFD27213011A100A1FE3B /* MYBannerCycleViewDemo */;
			targetProxy = 814DFD41213011A400A1FE3B /* PBXContainerItemProxy */;
		};
		814DFD4D213011A400A1FE3B /* PBXTargetDependency */ = {
			isa = PBXTargetDependency;
			target = 814DFD27213011A100A1FE3B /* MYBannerCycleViewDemo */;
			targetProxy = 814DFD4C213011A400A1FE3B /* PBXContainerItemProxy */;
		};
/* End PBXTargetDependency section */

/* Begin PBXVariantGroup section */
		814DFD31213011A100A1FE3B /* Main.storyboard */ = {
			isa = PBXVariantGroup;
			children = (
				814DFD32213011A100A1FE3B /* Base */,
			);
			name = Main.storyboard;
			sourceTree = "<group>";
		};
		814DFD36213011A400A1FE3B /* LaunchScreen.storyboard */ = {
			isa = PBXVariantGroup;
			children = (
				814DFD37213011A400A1FE3B /* Base */,
			);
			name = LaunchScreen.storyboard;
			sourceTree = "<group>";
		};
/* End PBXVariantGroup section */

/* Begin XCBuildConfiguration section */
		814DFD52213011A400A1FE3B /* Debug */ = {
			isa = XCBuildConfiguration;
			buildSettings = {
				ALWAYS_SEARCH_USER_PATHS = NO;
				CLANG_ANALYZER_NONNULL = YES;
				CLANG_ANALYZER_NUMBER_OBJECT_CONVERSION = YES_AGGRESSIVE;
				CLANG_CXX_LANGUAGE_STANDARD = "gnu++14";
				CLANG_CXX_LIBRARY = "libc++";
				CLANG_ENABLE_MODULES = YES;
				CLANG_ENABLE_OBJC_ARC = YES;
				CLANG_ENABLE_OBJC_WEAK = YES;
				CLANG_WARN_BLOCK_CAPTURE_AUTORELEASING = YES;
				CLANG_WARN_BOOL_CONVERSION = YES;
				CLANG_WARN_COMMA = YES;
				CLANG_WARN_CONSTANT_CONVERSION = YES;
				CLANG_WARN_DEPRECATED_OBJC_IMPLEMENTATIONS = YES;
				CLANG_WARN_DIRECT_OBJC_ISA_USAGE = YES_ERROR;
				CLANG_WARN_DOCUMENTATION_COMMENTS = YES;
				CLANG_WARN_EMPTY_BODY = YES;
				CLANG_WARN_ENUM_CONVERSION = YES;
				CLANG_WARN_INFINITE_RECURSION = YES;
				CLANG_WARN_INT_CONVERSION = YES;
				CLANG_WARN_NON_LITERAL_NULL_CONVERSION = YES;
				CLANG_WARN_OBJC_IMPLICIT_RETAIN_SELF = YES;
				CLANG_WARN_OBJC_LITERAL_CONVERSION = YES;
				CLANG_WARN_OBJC_ROOT_CLASS = YES_ERROR;
				CLANG_WARN_RANGE_LOOP_ANALYSIS = YES;
				CLANG_WARN_STRICT_PROTOTYPES = YES;
				CLANG_WARN_SUSPICIOUS_MOVE = YES;
				CLANG_WARN_UNGUARDED_AVAILABILITY = YES_AGGRESSIVE;
				CLANG_WARN_UNREACHABLE_CODE = YES;
				CLANG_WARN__DUPLICATE_METHOD_MATCH = YES;
				CODE_SIGN_IDENTITY = "iPhone Developer";
				COPY_PHASE_STRIP = NO;
				DEBUG_INFORMATION_FORMAT = dwarf;
				ENABLE_STRICT_OBJC_MSGSEND = YES;
				ENABLE_TESTABILITY = YES;
				GCC_C_LANGUAGE_STANDARD = gnu11;
				GCC_DYNAMIC_NO_PIC = NO;
				GCC_NO_COMMON_BLOCKS = YES;
				GCC_OPTIMIZATION_LEVEL = 0;
				GCC_PREPROCESSOR_DEFINITIONS = (
					"DEBUG=1",
					"$(inherited)",
				);
				GCC_WARN_64_TO_32_BIT_CONVERSION = YES;
				GCC_WARN_ABOUT_RETURN_TYPE = YES_ERROR;
				GCC_WARN_UNDECLARED_SELECTOR = YES;
				GCC_WARN_UNINITIALIZED_AUTOS = YES_AGGRESSIVE;
				GCC_WARN_UNUSED_FUNCTION = YES;
				GCC_WARN_UNUSED_VARIABLE = YES;
				IPHONEOS_DEPLOYMENT_TARGET = 11.4;
				MTL_ENABLE_DEBUG_INFO = YES;
				ONLY_ACTIVE_ARCH = YES;
				SDKROOT = iphoneos;
			};
			name = Debug;
		};
		814DFD53213011A400A1FE3B /* Release */ = {
			isa = XCBuildConfiguration;
			buildSettings = {
				ALWAYS_SEARCH_USER_PATHS = NO;
				CLANG_ANALYZER_NONNULL = YES;
				CLANG_ANALYZER_NUMBER_OBJECT_CONVERSION = YES_AGGRESSIVE;
				CLANG_CXX_LANGUAGE_STANDARD = "gnu++14";
				CLANG_CXX_LIBRARY = "libc++";
				CLANG_ENABLE_MODULES = YES;
				CLANG_ENABLE_OBJC_ARC = YES;
				CLANG_ENABLE_OBJC_WEAK = YES;
				CLANG_WARN_BLOCK_CAPTURE_AUTORELEASING = YES;
				CLANG_WARN_BOOL_CONVERSION = YES;
				CLANG_WARN_COMMA = YES;
				CLANG_WARN_CONSTANT_CONVERSION = YES;
				CLANG_WARN_DEPRECATED_OBJC_IMPLEMENTATIONS = YES;
				CLANG_WARN_DIRECT_OBJC_ISA_USAGE = YES_ERROR;
				CLANG_WARN_DOCUMENTATION_COMMENTS = YES;
				CLANG_WARN_EMPTY_BODY = YES;
				CLANG_WARN_ENUM_CONVERSION = YES;
				CLANG_WARN_INFINITE_RECURSION = YES;
				CLANG_WARN_INT_CONVERSION = YES;
				CLANG_WARN_NON_LITERAL_NULL_CONVERSION = YES;
				CLANG_WARN_OBJC_IMPLICIT_RETAIN_SELF = YES;
				CLANG_WARN_OBJC_LITERAL_CONVERSION = YES;
				CLANG_WARN_OBJC_ROOT_CLASS = YES_ERROR;
				CLANG_WARN_RANGE_LOOP_ANALYSIS = YES;
				CLANG_WARN_STRICT_PROTOTYPES = YES;
				CLANG_WARN_SUSPICIOUS_MOVE = YES;
				CLANG_WARN_UNGUARDED_AVAILABILITY = YES_AGGRESSIVE;
				CLANG_WARN_UNREACHABLE_CODE = YES;
				CLANG_WARN__DUPLICATE_METHOD_MATCH = YES;
				CODE_SIGN_IDENTITY = "iPhone Developer";
				COPY_PHASE_STRIP = NO;
				DEBUG_INFORMATION_FORMAT = "dwarf-with-dsym";
				ENABLE_NS_ASSERTIONS = NO;
				ENABLE_STRICT_OBJC_MSGSEND = YES;
				GCC_C_LANGUAGE_STANDARD = gnu11;
				GCC_NO_COMMON_BLOCKS = YES;
				GCC_WARN_64_TO_32_BIT_CONVERSION = YES;
				GCC_WARN_ABOUT_RETURN_TYPE = YES_ERROR;
				GCC_WARN_UNDECLARED_SELECTOR = YES;
				GCC_WARN_UNINITIALIZED_AUTOS = YES_AGGRESSIVE;
				GCC_WARN_UNUSED_FUNCTION = YES;
				GCC_WARN_UNUSED_VARIABLE = YES;
				IPHONEOS_DEPLOYMENT_TARGET = 11.4;
				MTL_ENABLE_DEBUG_INFO = NO;
				SDKROOT = iphoneos;
				VALIDATE_PRODUCT = YES;
			};
			name = Release;
		};
		814DFD55213011A400A1FE3B /* Debug */ = {
			isa = XCBuildConfiguration;
			baseConfigurationReference = 5DFBB25A376FD41052A6B43E /* Pods-MYBannerCycleViewDemo.debug.xcconfig */;
			buildSettings = {
				ASSETCATALOG_COMPILER_APPICON_NAME = AppIcon;
				CODE_SIGN_STYLE = Automatic;
				INFOPLIST_FILE = MYBannerCycleViewDemo/Info.plist;
				IPHONEOS_DEPLOYMENT_TARGET = 8.0;
				LD_RUNPATH_SEARCH_PATHS = "$(inherited) @executable_path/Frameworks";
				PRODUCT_BUNDLE_IDENTIFIER = com.qmtv.MYBannerCycleViewDemo;
				PRODUCT_NAME = "$(TARGET_NAME)";
				TARGETED_DEVICE_FAMILY = "1,2";
			};
			name = Debug;
		};
		814DFD56213011A400A1FE3B /* Release */ = {
			isa = XCBuildConfiguration;
			baseConfigurationReference = 9F7A470CACA83503CF06795D /* Pods-MYBannerCycleViewDemo.release.xcconfig */;
			buildSettings = {
				ASSETCATALOG_COMPILER_APPICON_NAME = AppIcon;
				CODE_SIGN_STYLE = Automatic;
				INFOPLIST_FILE = MYBannerCycleViewDemo/Info.plist;
				IPHONEOS_DEPLOYMENT_TARGET = 8.0;
				LD_RUNPATH_SEARCH_PATHS = "$(inherited) @executable_path/Frameworks";
				PRODUCT_BUNDLE_IDENTIFIER = com.qmtv.MYBannerCycleViewDemo;
				PRODUCT_NAME = "$(TARGET_NAME)";
				TARGETED_DEVICE_FAMILY = "1,2";
			};
			name = Release;
		};
		814DFD58213011A400A1FE3B /* Debug */ = {
			isa = XCBuildConfiguration;
			buildSettings = {
				BUNDLE_LOADER = "$(TEST_HOST)";
				CODE_SIGN_STYLE = Automatic;
				INFOPLIST_FILE = MYBannerCycleViewDemoTests/Info.plist;
				LD_RUNPATH_SEARCH_PATHS = "$(inherited) @executable_path/Frameworks @loader_path/Frameworks";
				PRODUCT_BUNDLE_IDENTIFIER = com.qmtv.MYBannerCycleViewDemoTests;
				PRODUCT_NAME = "$(TARGET_NAME)";
				TARGETED_DEVICE_FAMILY = "1,2";
				TEST_HOST = "$(BUILT_PRODUCTS_DIR)/MYBannerCycleViewDemo.app/MYBannerCycleViewDemo";
			};
			name = Debug;
		};
		814DFD59213011A400A1FE3B /* Release */ = {
			isa = XCBuildConfiguration;
			buildSettings = {
				BUNDLE_LOADER = "$(TEST_HOST)";
				CODE_SIGN_STYLE = Automatic;
				INFOPLIST_FILE = MYBannerCycleViewDemoTests/Info.plist;
				LD_RUNPATH_SEARCH_PATHS = "$(inherited) @executable_path/Frameworks @loader_path/Frameworks";
				PRODUCT_BUNDLE_IDENTIFIER = com.qmtv.MYBannerCycleViewDemoTests;
				PRODUCT_NAME = "$(TARGET_NAME)";
				TARGETED_DEVICE_FAMILY = "1,2";
				TEST_HOST = "$(BUILT_PRODUCTS_DIR)/MYBannerCycleViewDemo.app/MYBannerCycleViewDemo";
			};
			name = Release;
		};
		814DFD5B213011A400A1FE3B /* Debug */ = {
			isa = XCBuildConfiguration;
			buildSettings = {
				CODE_SIGN_STYLE = Automatic;
				INFOPLIST_FILE = MYBannerCycleViewDemoUITests/Info.plist;
				LD_RUNPATH_SEARCH_PATHS = "$(inherited) @executable_path/Frameworks @loader_path/Frameworks";
				PRODUCT_BUNDLE_IDENTIFIER = com.qmtv.MYBannerCycleViewDemoUITests;
				PRODUCT_NAME = "$(TARGET_NAME)";
				TARGETED_DEVICE_FAMILY = "1,2";
				TEST_TARGET_NAME = MYBannerCycleViewDemo;
			};
			name = Debug;
		};
		814DFD5C213011A400A1FE3B /* Release */ = {
			isa = XCBuildConfiguration;
			buildSettings = {
				CODE_SIGN_STYLE = Automatic;
				INFOPLIST_FILE = MYBannerCycleViewDemoUITests/Info.plist;
				LD_RUNPATH_SEARCH_PATHS = "$(inherited) @executable_path/Frameworks @loader_path/Frameworks";
				PRODUCT_BUNDLE_IDENTIFIER = com.qmtv.MYBannerCycleViewDemoUITests;
				PRODUCT_NAME = "$(TARGET_NAME)";
				TARGETED_DEVICE_FAMILY = "1,2";
				TEST_TARGET_NAME = MYBannerCycleViewDemo;
			};
			name = Release;
		};
/* End XCBuildConfiguration section */

/* Begin XCConfigurationList section */
		814DFD23213011A100A1FE3B /* Build configuration list for PBXProject "MYBannerCycleViewDemo" */ = {
			isa = XCConfigurationList;
			buildConfigurations = (
				814DFD52213011A400A1FE3B /* Debug */,
				814DFD53213011A400A1FE3B /* Release */,
			);
			defaultConfigurationIsVisible = 0;
			defaultConfigurationName = Release;
		};
		814DFD54213011A400A1FE3B /* Build configuration list for PBXNativeTarget "MYBannerCycleViewDemo" */ = {
			isa = XCConfigurationList;
			buildConfigurations = (
				814DFD55213011A400A1FE3B /* Debug */,
				814DFD56213011A400A1FE3B /* Release */,
			);
			defaultConfigurationIsVisible = 0;
			defaultConfigurationName = Release;
		};
		814DFD57213011A400A1FE3B /* Build configuration list for PBXNativeTarget "MYBannerCycleViewDemoTests" */ = {
			isa = XCConfigurationList;
			buildConfigurations = (
				814DFD58213011A400A1FE3B /* Debug */,
				814DFD59213011A400A1FE3B /* Release */,
			);
			defaultConfigurationIsVisible = 0;
			defaultConfigurationName = Release;
		};
		814DFD5A213011A400A1FE3B /* Build configuration list for PBXNativeTarget "MYBannerCycleViewDemoUITests" */ = {
			isa = XCConfigurationList;
			buildConfigurations = (
				814DFD5B213011A400A1FE3B /* Debug */,
				814DFD5C213011A400A1FE3B /* Release */,
			);
			defaultConfigurationIsVisible = 0;
			defaultConfigurationName = Release;
		};
/* End XCConfigurationList section */
	};
	rootObject = 814DFD20213011A100A1FE3B /* Project object */;
}
